{
  "originHash" : "2abc261e1b5e218b3d64bbe97363b02586eb01d2f67402a74b51c3b280cd9287",
  "pins" : [
    {
      "identity" : "capacitor-swift-pm",
      "kind" : "remoteSourceControl",
      "location" : "https://github.com/ionic-team/capacitor-swift-pm.git",
      "state" : {
        "revision" : "eb8e80d3dd54b9a6ff65b17f2bc3df69ae3d089e",
        "version" : "7.6.7"
      }
    }
  ],
  "version" : 3
}
